
Microsoft Visual Studio Solution File, Format Version 12.00
# Visual Studio Version 17
VisualStudioVersion = 17.9.34728.123
MinimumVisualStudioVersion = 10.0.40219.1
Project("{FAE04EC0-301F-11D3-BF4B-00C04F79EFBC}") = "LibraryManagementSystem", "LibraryManagementSystem\LibraryManagementSystem.csproj", "{06226741-96E0-4AA1-9667-F2250738C6C9}"
EndProject
Global
	GlobalSection(SolutionConfigurationPlatforms) = preSolution
		Debug|Any CPU = Debug|Any CPU
		Release|Any CPU = Release|Any CPU
	EndGlobalSection
	GlobalSection(ProjectConfigurationPlatforms) = postSolution
		{06226741-96E0-4AA1-9667-F2250738C6C9}.Debug|Any CPU.ActiveCfg = Debug|Any CPU
		{06226741-96E0-4AA1-9667-F2250738C6C9}.Debug|Any CPU.Build.0 = Debug|Any CPU
		{06226741-96E0-4AA1-9667-F2250738C6C9}.Release|Any CPU.ActiveCfg = Release|Any CPU
		{06226741-96E0-4AA1-9667-F2250738C6C9}.Release|Any CPU.Build.0 = Release|Any CPU
	EndGlobalSection
	GlobalSection(SolutionProperties) = preSolution
		HideSolutionNode = FALSE
	EndGlobalSection
	GlobalSection(ExtensibilityGlobals) = postSolution
		SolutionGuid = {2CA8C54A-548D-47DE-B855-7609BF8AC103}
	EndGlobalSection
EndGlobal
